PODS:
  - AppAuth (1.4.0):
    - AppAuth/Core (= 1.4.0)
    - AppAuth/ExternalUserAgent (= 1.4.0)
  - AppAuth/Core (1.4.0)
  - AppAuth/ExternalUserAgent (1.4.0)
  - GoogleAPIClientForREST/Core (1.6.0):
    - GTMSessionFetcher (>= 1.6.1)
  - GoogleAPIClientForREST/Drive (1.6.0):
    - GoogleAPIClientForREST/Core
    - GTMSessionFetcher (>= 1.6.1)
  - GoogleSignIn (6.0.1):
    - AppAuth (~> 1.4)
    - GTMAppAuth (~> 1.0)
    - GTMSessionFetcher/Core (~> 1.1)
  - GTMAppAuth (1.2.2):
    - AppAuth/Core (~> 1.4)
    - GTMSessionFetcher/Core (~> 1.5)
  - GTMSessionFetcher (1.6.1):
    - GTMSessionFetcher/Full (= 1.6.1)
  - GTMSessionFetcher/Core (1.6.1)
  - GTMSessionFetcher/Full (1.6.1):
    - GTMSessionFetcher/Core (= 1.6.1)
  - TransitionButton (0.5.3)

DEPENDENCIES:
  - GoogleAPIClientForREST/Drive
  - GoogleSignIn
  - TransitionButton

SPEC REPOS:
  trunk:
    - AppAuth
    - GoogleAPIClientForREST
    - GoogleSignIn
    - GTMAppAuth
    - GTMSessionFetcher
    - TransitionButton

SPEC CHECKSUMS:
  AppAuth: 31bcec809a638d7bd2f86ea8a52bd45f6e81e7c7
  GoogleAPIClientForREST: 5183df28e7bcb7b7b41ebd558e16083cfed60d99
  GoogleSignIn: 1b0c4ec33a6fe282f4fa35d8ac64263230ddaf36
  GTMAppAuth: ad5c2b70b9a8689e1a04033c9369c4915bfcbe89
  GTMSessionFetcher: 36689134877faeb055b27dfa4ccc9ceaa42e029e
  TransitionButton: 36283346e17c64775a1b3bc3a7a72940a367de1f

PODFILE CHECKSUM: 46ceda172bf8dcd065cfe965eb0d8229cf5dfe2d

COCOAPODS: 1.10.1
